
Microsoft Visual Studio Solution File, Format Version 12.00
# Visual Studio Version 17
VisualStudioVersion = 17.13.35913.81 d17.13
MinimumVisualStudioVersion = 10.0.40219.1
Project("{C9674DCB-5085-4A16-B785-4C70DD1589BD}") = "FilmFest_ETL", "FilmFest_ETL\FilmFest_ETL.dtproj", "{CD9EE716-EC2F-A7A6-4971-85BC735E0040}"
EndProject
Global
	GlobalSection(SolutionConfigurationPlatforms) = preSolution
		Development|Default = Development|Default
	EndGlobalSection
	GlobalSection(ProjectConfigurationPlatforms) = postSolution
		{CD9EE716-EC2F-A7A6-4971-85BC735E0040}.Development|Default.ActiveCfg = Development
		{CD9EE716-EC2F-A7A6-4971-85BC735E0040}.Development|Default.Build.0 = Development
	EndGlobalSection
	GlobalSection(SolutionProperties) = preSolution
		HideSolutionNode = FALSE
	EndGlobalSection
	GlobalSection(ExtensibilityGlobals) = postSolution
		SolutionGuid = {D856384E-AB37-42E5-8F38-C84D42A4A6FD}
	EndGlobalSection
EndGlobal
